
Microsoft Visual Studio Solution File, Format Version 12.00
# Visual Studio 2013
VisualStudioVersion = 12.0.21005.1
MinimumVisualStudioVersion = 10.0.40219.1
Project("{FAE04EC0-301F-11D3-BF4B-00C04F79EFBC}") = "JabberClient", "JabberClient\JabberClient.csproj", "{FD5A155A-011F-412C-9ECD-49A9BE43A823}"
EndProject
Project("{FAE04EC0-301F-11D3-BF4B-00C04F79EFBC}") = "agsXMPP", "agsxmpp\agsXMPP.csproj", "{91EA0D0B-D3BA-497F-AFEB-2CAD59DEBA0E}"
EndProject
Global
	GlobalSection(SolutionConfigurationPlatforms) = preSolution
		Debug|Any CPU = Debug|Any CPU
		Debug|ARM = Debug|ARM
		Debug|x64 = Debug|x64
		Debug|x86 = Debug|x86
		Release|Any CPU = Release|Any CPU
		Release|ARM = Release|ARM
		Release|x64 = Release|x64
		Release|x86 = Release|x86
	EndGlobalSection
	GlobalSection(ProjectConfigurationPlatforms) = postSolution
		{FD5A155A-011F-412C-9ECD-49A9BE43A823}.Debug|Any CPU.ActiveCfg = Debug|Any CPU
		{FD5A155A-011F-412C-9ECD-49A9BE43A823}.Debug|Any CPU.Build.0 = Debug|Any CPU
		{FD5A155A-011F-412C-9ECD-49A9BE43A823}.Debug|ARM.ActiveCfg = Debug|Any CPU
		{FD5A155A-011F-412C-9ECD-49A9BE43A823}.Debug|ARM.Build.0 = Debug|Any CPU
		{FD5A155A-011F-412C-9ECD-49A9BE43A823}.Debug|x64.ActiveCfg = Debug|Any CPU
		{FD5A155A-011F-412C-9ECD-49A9BE43A823}.Debug|x64.Build.0 = Debug|Any CPU
		{FD5A155A-011F-412C-9ECD-49A9BE43A823}.Debug|x86.ActiveCfg = Debug|Any CPU
		{FD5A155A-011F-412C-9ECD-49A9BE43A823}.Debug|x86.Build.0 = Debug|Any CPU
		{FD5A155A-011F-412C-9ECD-49A9BE43A823}.Release|Any CPU.ActiveCfg = Release|Any CPU
		{FD5A155A-011F-412C-9ECD-49A9BE43A823}.Release|Any CPU.Build.0 = Release|Any CPU
		{FD5A155A-011F-412C-9ECD-49A9BE43A823}.Release|ARM.ActiveCfg = Release|Any CPU
		{FD5A155A-011F-412C-9ECD-49A9BE43A823}.Release|ARM.Build.0 = Release|Any CPU
		{FD5A155A-011F-412C-9ECD-49A9BE43A823}.Release|x64.ActiveCfg = Release|Any CPU
		{FD5A155A-011F-412C-9ECD-49A9BE43A823}.Release|x64.Build.0 = Release|Any CPU
		{FD5A155A-011F-412C-9ECD-49A9BE43A823}.Release|x86.ActiveCfg = Release|Any CPU
		{FD5A155A-011F-412C-9ECD-49A9BE43A823}.Release|x86.Build.0 = Release|Any CPU
		{91EA0D0B-D3BA-497F-AFEB-2CAD59DEBA0E}.Debug|Any CPU.ActiveCfg = Debug|Any CPU
		{91EA0D0B-D3BA-497F-AFEB-2CAD59DEBA0E}.Debug|Any CPU.Build.0 = Debug|Any CPU
		{91EA0D0B-D3BA-497F-AFEB-2CAD59DEBA0E}.Debug|ARM.ActiveCfg = Debug|Any CPU
		{91EA0D0B-D3BA-497F-AFEB-2CAD59DEBA0E}.Debug|ARM.Build.0 = Debug|Any CPU
		{91EA0D0B-D3BA-497F-AFEB-2CAD59DEBA0E}.Debug|x64.ActiveCfg = Debug|Any CPU
		{91EA0D0B-D3BA-497F-AFEB-2CAD59DEBA0E}.Debug|x64.Build.0 = Debug|Any CPU
		{91EA0D0B-D3BA-497F-AFEB-2CAD59DEBA0E}.Debug|x86.ActiveCfg = Debug|Any CPU
		{91EA0D0B-D3BA-497F-AFEB-2CAD59DEBA0E}.Debug|x86.Build.0 = Debug|Any CPU
		{91EA0D0B-D3BA-497F-AFEB-2CAD59DEBA0E}.Release|Any CPU.ActiveCfg = Release|Any CPU
		{91EA0D0B-D3BA-497F-AFEB-2CAD59DEBA0E}.Release|Any CPU.Build.0 = Release|Any CPU
		{91EA0D0B-D3BA-497F-AFEB-2CAD59DEBA0E}.Release|ARM.ActiveCfg = Release|Any CPU
		{91EA0D0B-D3BA-497F-AFEB-2CAD59DEBA0E}.Release|ARM.Build.0 = Release|Any CPU
		{91EA0D0B-D3BA-497F-AFEB-2CAD59DEBA0E}.Release|x64.ActiveCfg = Release|Any CPU
		{91EA0D0B-D3BA-497F-AFEB-2CAD59DEBA0E}.Release|x64.Build.0 = Release|Any CPU
		{91EA0D0B-D3BA-497F-AFEB-2CAD59DEBA0E}.Release|x86.ActiveCfg = Release|Any CPU
		{91EA0D0B-D3BA-497F-AFEB-2CAD59DEBA0E}.Release|x86.Build.0 = Release|Any CPU
	EndGlobalSection
	GlobalSection(SolutionProperties) = preSolution
		HideSolutionNode = FALSE
	EndGlobalSection
EndGlobal
